
Microsoft Visual Studio Solution File, Format Version 12.00
# Visual Studio 15
VisualStudioVersion = 15.0.26403.3
MinimumVisualStudioVersion = 10.0.40219.1
Project("{FAE04EC0-301F-11D3-BF4B-00C04F79EFBC}") = "WpfApp2", "WpfApp2\WpfApp2.csproj", "{4B1ACFF4-4257-4876-8E54-8FEBA57643E4}"
EndProject
Project("{FAE04EC0-301F-11D3-BF4B-00C04F79EFBC}") = "OpticCore", "OpticCore\OpticCore.csproj", "{F818E84C-C31C-4C1A-B3D1-FD25F970B72A}"
EndProject
Global
	GlobalSection(SolutionConfigurationPlatforms) = preSolution
		Debug|Any CPU = Debug|Any CPU
		Release|Any CPU = Release|Any CPU
	EndGlobalSection
	GlobalSection(ProjectConfigurationPlatforms) = postSolution
		{4B1ACFF4-4257-4876-8E54-8FEBA57643E4}.Debug|Any CPU.ActiveCfg = Debug|Any CPU
		{4B1ACFF4-4257-4876-8E54-8FEBA57643E4}.Debug|Any CPU.Build.0 = Debug|Any CPU
		{4B1ACFF4-4257-4876-8E54-8FEBA57643E4}.Release|Any CPU.ActiveCfg = Release|Any CPU
		{4B1ACFF4-4257-4876-8E54-8FEBA57643E4}.Release|Any CPU.Build.0 = Release|Any CPU
		{F818E84C-C31C-4C1A-B3D1-FD25F970B72A}.Debug|Any CPU.ActiveCfg = Debug|Any CPU
		{F818E84C-C31C-4C1A-B3D1-FD25F970B72A}.Debug|Any CPU.Build.0 = Debug|Any CPU
		{F818E84C-C31C-4C1A-B3D1-FD25F970B72A}.Release|Any CPU.ActiveCfg = Release|Any CPU
		{F818E84C-C31C-4C1A-B3D1-FD25F970B72A}.Release|Any CPU.Build.0 = Release|Any CPU
	EndGlobalSection
	GlobalSection(SolutionProperties) = preSolution
		HideSolutionNode = FALSE
	EndGlobalSection
EndGlobal
